
Microsoft Visual Studio Solution File, Format Version 12.00
# Visual Studio 14
VisualStudioVersion = 14.0.25420.1
MinimumVisualStudioVersion = 10.0.40219.1
Project("{FAE04EC0-301F-11D3-BF4B-00C04F79EFBC}") = "Anim100_email_checker", "Anim100_email_checker\Anim100_email_checker.csproj", "{A63A8C4F-FE0C-4390-A0F9-C48B53A6BBFF}"
EndProject
Global
	GlobalSection(SolutionConfigurationPlatforms) = preSolution
		Debug|Any CPU = Debug|Any CPU
		Release|Any CPU = Release|Any CPU
	EndGlobalSection
	GlobalSection(ProjectConfigurationPlatforms) = postSolution
		{A63A8C4F-FE0C-4390-A0F9-C48B53A6BBFF}.Debug|Any CPU.ActiveCfg = Debug|Any CPU
		{A63A8C4F-FE0C-4390-A0F9-C48B53A6BBFF}.Debug|Any CPU.Build.0 = Debug|Any CPU
		{A63A8C4F-FE0C-4390-A0F9-C48B53A6BBFF}.Release|Any CPU.ActiveCfg = Release|Any CPU
		{A63A8C4F-FE0C-4390-A0F9-C48B53A6BBFF}.Release|Any CPU.Build.0 = Release|Any CPU
	EndGlobalSection
	GlobalSection(SolutionProperties) = preSolution
		HideSolutionNode = FALSE
	EndGlobalSection
EndGlobal
